
Microsoft Visual Studio Solution File, Format Version 12.00
# Visual Studio Version 16
VisualStudioVersion = 16.0.28803.452
MinimumVisualStudioVersion = 10.0.40219.1
Project("{FAE04EC0-301F-11D3-BF4B-00C04F79EFBC}") = "ShipcomRemovals", "ShipcomRemovals\ShipcomRemovals.csproj", "{0E4D1024-066E-4842-8C8D-D322D7360CFA}"
EndProject
Global
	GlobalSection(SolutionConfigurationPlatforms) = preSolution
		Debug|Any CPU = Debug|Any CPU
		Release|Any CPU = Release|Any CPU
	EndGlobalSection
	GlobalSection(ProjectConfigurationPlatforms) = postSolution
		{0E4D1024-066E-4842-8C8D-D322D7360CFA}.Debug|Any CPU.ActiveCfg = Debug|Any CPU
		{0E4D1024-066E-4842-8C8D-D322D7360CFA}.Debug|Any CPU.Build.0 = Debug|Any CPU
		{0E4D1024-066E-4842-8C8D-D322D7360CFA}.Release|Any CPU.ActiveCfg = Release|Any CPU
		{0E4D1024-066E-4842-8C8D-D322D7360CFA}.Release|Any CPU.Build.0 = Release|Any CPU
	EndGlobalSection
	GlobalSection(SolutionProperties) = preSolution
		HideSolutionNode = FALSE
	EndGlobalSection
	GlobalSection(ExtensibilityGlobals) = postSolution
		SolutionGuid = {CB3C4A6D-1F01-4F4E-862D-E39E95CE9CA1}
	EndGlobalSection
EndGlobal
